
Microsoft Visual Studio Solution File, Format Version 12.00
# Visual Studio 15
VisualStudioVersion = 15.0.27703.2026
MinimumVisualStudioVersion = 10.0.40219.1
Project("{8BC9CEB8-8B4A-11D0-8D11-00A0C91BC942}") = "Preprocess", "Preprocess.vcxproj", "{BCED9F46-A2AA-48F4-916F-F9E8E36DF904}"
EndProject
Global
	GlobalSection(SolutionConfigurationPlatforms) = preSolution
		Debug|x64 = Debug|x64
		Debug|x86 = Debug|x86
		Release|x64 = Release|x64
		Release|x86 = Release|x86
	EndGlobalSection
	GlobalSection(ProjectConfigurationPlatforms) = postSolution
		{BCED9F46-A2AA-48F4-916F-F9E8E36DF904}.Debug|x64.ActiveCfg = Debug|x64
		{BCED9F46-A2AA-48F4-916F-F9E8E36DF904}.Debug|x64.Build.0 = Debug|x64
		{BCED9F46-A2AA-48F4-916F-F9E8E36DF904}.Debug|x86.ActiveCfg = Debug|Win32
		{BCED9F46-A2AA-48F4-916F-F9E8E36DF904}.Debug|x86.Build.0 = Debug|Win32
		{BCED9F46-A2AA-48F4-916F-F9E8E36DF904}.Release|x64.ActiveCfg = Release|x64
		{BCED9F46-A2AA-48F4-916F-F9E8E36DF904}.Release|x64.Build.0 = Release|x64
		{BCED9F46-A2AA-48F4-916F-F9E8E36DF904}.Release|x86.ActiveCfg = Release|Win32
		{BCED9F46-A2AA-48F4-916F-F9E8E36DF904}.Release|x86.Build.0 = Release|Win32
	EndGlobalSection
	GlobalSection(SolutionProperties) = preSolution
		HideSolutionNode = FALSE
	EndGlobalSection
	GlobalSection(ExtensibilityGlobals) = postSolution
		SolutionGuid = {C64C7B39-71CB-4402-948D-7D8155C3969F}
	EndGlobalSection
EndGlobal
